# THIS IS AN AUTOGENERATED FILE. DO NOT EDIT THIS FILE DIRECTLY.
# yarn lockfile v1


"@types/joi@^10.4.0":
  version "10.4.0"
  resolved "http://registry.npm.taobao.org/@types/joi/download/@types/joi-10.4.0.tgz#a4de40cdf2462c7e1c83eb47ca3e19177bcc2ae8"

accepts@~1.3.3:
  version "1.3.3"
  resolved "https://registry.npm.taobao.org/accepts/-/accepts-1.3.3.tgz#c3ca7434938648c3e0d9c1e328dd68b622c284ca"
  dependencies:
    mime-types "~2.1.11"
    negotiator "0.6.1"

append-field@^0.1.0:
  version "0.1.0"
  resolved "http://registry.npm.taobao.org/append-field/download/append-field-0.1.0.tgz#6ddc58fa083c7bc545d3c5995b2830cc2366d44a"

array-flatten@1.1.1:
  version "1.1.1"
  resolved "https://registry.npm.taobao.org/array-flatten/-/array-flatten-1.1.1.tgz#9a5f699051b1e7073328f2a008968b64ea2955d2"

async@2.1.4:
  version "2.1.4"
  resolved "https://registry.npm.taobao.org/async/-/async-2.1.4.tgz#2d2160c7788032e4dd6cbe2502f1f9a2c8f6cde4"
  dependencies:
    lodash "^4.14.0"

bluebird@2.10.2:
  version "2.10.2"
  resolved "https://registry.npm.taobao.org/bluebird/-/bluebird-2.10.2.tgz#024a5517295308857f14f91f1106fc3b555f446b"

bluebird@^3.4.7:
  version "3.4.7"
  resolved "http://registry.npm.taobao.org/bluebird/download/bluebird-3.4.7.tgz#f72d760be09b7f76d08ed8fae98b289a8d05fab3"

body-parser@^1.15.2:
  version "1.15.2"
  resolved "https://registry.npm.taobao.org/body-parser/-/body-parser-1.15.2.tgz#d7578cf4f1d11d5f6ea804cef35dc7a7ff6dae67"
  dependencies:
    bytes "2.4.0"
    content-type "~1.0.2"
    debug "~2.2.0"
    depd "~1.1.0"
    http-errors "~1.5.0"
    iconv-lite "0.4.13"
    on-finished "~2.3.0"
    qs "6.2.0"
    raw-body "~2.1.7"
    type-is "~1.6.13"

bson@~1.0.1:
  version "1.0.3"
  resolved "https://registry.npm.taobao.org/bson/-/bson-1.0.3.tgz#a3b66f724b1673067efc32249e1151205d3ba854"

buffer-shims@^1.0.0, buffer-shims@~1.0.0:
  version "1.0.0"
  resolved "https://registry.npm.taobao.org/buffer-shims/-/buffer-shims-1.0.0.tgz#9978ce317388c649ad8793028c3477ef044a8b51"

busboy@^0.2.11:
  version "0.2.14"
  resolved "http://registry.npm.taobao.org/busboy/download/busboy-0.2.14.tgz#6c2a622efcf47c57bbbe1e2a9c37ad36c7925453"
  dependencies:
    dicer "0.2.5"
    readable-stream "1.1.x"

bytes@2.4.0:
  version "2.4.0"
  resolved "https://registry.npm.taobao.org/bytes/-/bytes-2.4.0.tgz#7d97196f9d5baf7f6935e25985549edd2a6c2339"

charenc@~0.0.1:
  version "0.0.2"
  resolved "http://registry.npm.taobao.org/charenc/download/charenc-0.0.2.tgz#c0a1d2f3a7092e03774bfa83f14c0fc5790a8667"

concat-stream@^1.5.0:
  version "1.6.0"
  resolved "http://registry.npm.taobao.org/concat-stream/download/concat-stream-1.6.0.tgz#0aac662fd52be78964d5532f694784e70110acf7"
  dependencies:
    inherits "^2.0.3"
    readable-stream "^2.2.2"
    typedarray "^0.0.6"

content-disposition@0.5.1:
  version "0.5.1"
  resolved "https://registry.npm.taobao.org/content-disposition/-/content-disposition-0.5.1.tgz#87476c6a67c8daa87e32e87616df883ba7fb071b"

content-type@~1.0.2:
  version "1.0.2"
  resolved "https://registry.npm.taobao.org/content-type/-/content-type-1.0.2.tgz#b7d113aee7a8dd27bd21133c4dc2529df1721eed"

cookie-signature@1.0.6:
  version "1.0.6"
  resolved "https://registry.npm.taobao.org/cookie-signature/-/cookie-signature-1.0.6.tgz#e303a882b342cc3ee8ca513a79999734dab3ae2c"

cookie@0.3.1:
  version "0.3.1"
  resolved "https://registry.npm.taobao.org/cookie/-/cookie-0.3.1.tgz#e7e0a1f9ef43b4c8ba925c5c5a96e806d16873bb"

core-util-is@~1.0.0:
  version "1.0.2"
  resolved "https://registry.npm.taobao.org/core-util-is/-/core-util-is-1.0.2.tgz#b5fd54220aa2bc5ab57aab7140c940754503c1a7"

crypt@~0.0.1:
  version "0.0.2"
  resolved "http://registry.npm.taobao.org/crypt/download/crypt-0.0.2.tgz#88d7ff7ec0dfb86f713dc87bbb42d044d3e6c41b"

debug@2.2.0, debug@~2.2.0:
  version "2.2.0"
  resolved "https://registry.npm.taobao.org/debug/-/debug-2.2.0.tgz#f87057e995b1a1f6ae6a4960664137bc56f039da"
  dependencies:
    ms "0.7.1"

debug@2.6.8:
  version "2.6.8"
  resolved "http://registry.npm.taobao.org/debug/download/debug-2.6.8.tgz#e731531ca2ede27d188222427da17821d68ff4fc"
  dependencies:
    ms "2.0.0"

depd@~1.1.0:
  version "1.1.0"
  resolved "https://registry.npm.taobao.org/depd/-/depd-1.1.0.tgz#e1bd82c6aab6ced965b97b88b17ed3e528ca18c3"

destroy@~1.0.4:
  version "1.0.4"
  resolved "https://registry.npm.taobao.org/destroy/-/destroy-1.0.4.tgz#978857442c44749e4206613e37946205826abd80"

dicer@0.2.5:
  version "0.2.5"
  resolved "http://registry.npm.taobao.org/dicer/download/dicer-0.2.5.tgz#5996c086bb33218c812c090bddc09cd12facb70f"
  dependencies:
    readable-stream "1.1.x"
    streamsearch "0.1.2"

ee-first@1.1.1:
  version "1.1.1"
  resolved "https://registry.npm.taobao.org/ee-first/-/ee-first-1.1.1.tgz#590c61156b0ae2f4f0255732a158b266bc56b21d"

encodeurl@~1.0.1:
  version "1.0.1"
  resolved "https://registry.npm.taobao.org/encodeurl/-/encodeurl-1.0.1.tgz#79e3d58655346909fe6f0f45a5de68103b294d20"

es6-promise@3.2.1:
  version "3.2.1"
  resolved "https://registry.npm.taobao.org/es6-promise/-/es6-promise-3.2.1.tgz#ec56233868032909207170c39448e24449dd1fc4"

escape-html@~1.0.3:
  version "1.0.3"
  resolved "https://registry.npm.taobao.org/escape-html/-/escape-html-1.0.3.tgz#0258eae4d3d0c0974de1c169188ef0051d1d1988"

etag@~1.7.0:
  version "1.7.0"
  resolved "https://registry.npm.taobao.org/etag/-/etag-1.7.0.tgz#03d30b5f67dd6e632d2945d30d6652731a34d5d8"

express@^4.14.0:
  version "4.14.0"
  resolved "https://registry.npm.taobao.org/express/-/express-4.14.0.tgz#c1ee3f42cdc891fb3dc650a8922d51ec847d0d66"
  dependencies:
    accepts "~1.3.3"
    array-flatten "1.1.1"
    content-disposition "0.5.1"
    content-type "~1.0.2"
    cookie "0.3.1"
    cookie-signature "1.0.6"
    debug "~2.2.0"
    depd "~1.1.0"
    encodeurl "~1.0.1"
    escape-html "~1.0.3"
    etag "~1.7.0"
    finalhandler "0.5.0"
    fresh "0.3.0"
    merge-descriptors "1.0.1"
    methods "~1.1.2"
    on-finished "~2.3.0"
    parseurl "~1.3.1"
    path-to-regexp "0.1.7"
    proxy-addr "~1.1.2"
    qs "6.2.0"
    range-parser "~1.2.0"
    send "0.14.1"
    serve-static "~1.11.1"
    type-is "~1.6.13"
    utils-merge "1.0.0"
    vary "~1.1.0"

finalhandler@0.5.0:
  version "0.5.0"
  resolved "https://registry.npm.taobao.org/finalhandler/-/finalhandler-0.5.0.tgz#e9508abece9b6dba871a6942a1d7911b91911ac7"
  dependencies:
    debug "~2.2.0"
    escape-html "~1.0.3"
    on-finished "~2.3.0"
    statuses "~1.3.0"
    unpipe "~1.0.0"

forwarded@~0.1.0:
  version "0.1.0"
  resolved "https://registry.npm.taobao.org/forwarded/-/forwarded-0.1.0.tgz#19ef9874c4ae1c297bcf078fde63a09b66a84363"

fresh@0.3.0:
  version "0.3.0"
  resolved "https://registry.npm.taobao.org/fresh/-/fresh-0.3.0.tgz#651f838e22424e7566de161d8358caa199f83d4f"

highlight.js@^9.9.0:
  version "9.9.0"
  resolved "http://registry.npm.taobao.org/highlight.js/download/highlight.js-9.9.0.tgz#b9995dcfdc2773e307a34f0460d92b9a474782c0"

hoek@4.x.x:
  version "4.1.1"
  resolved "http://registry.npm.taobao.org/hoek/download/hoek-4.1.1.tgz#9cc573ffba2b7b408fb5e9c2a13796be94cddce9"

hooks-fixed@1.2.0:
  version "1.2.0"
  resolved "https://registry.npm.taobao.org/hooks-fixed/-/hooks-fixed-1.2.0.tgz#0d2772d4d7d685ff9244724a9f0b5b2559aac96b"

http-errors@~1.5.0:
  version "1.5.1"
  resolved "https://registry.npm.taobao.org/http-errors/-/http-errors-1.5.1.tgz#788c0d2c1de2c81b9e6e8c01843b6b97eb920750"
  dependencies:
    inherits "2.0.3"
    setprototypeof "1.0.2"
    statuses ">= 1.3.1 < 2"

iconv-lite@0.4.13:
  version "0.4.13"
  resolved "https://registry.npm.taobao.org/iconv-lite/-/iconv-lite-0.4.13.tgz#1f88aba4ab0b1508e8312acc39345f36e992e2f2"

inherits@2.0.3, inherits@^2.0.3, inherits@~2.0.1:
  version "2.0.3"
  resolved "https://registry.npm.taobao.org/inherits/-/inherits-2.0.3.tgz#633c2c83e3da42a502f52466022480f4208261de"

ipaddr.js@1.1.1:
  version "1.1.1"
  resolved "https://registry.npm.taobao.org/ipaddr.js/-/ipaddr.js-1.1.1.tgz#c791d95f52b29c1247d5df80ada39b8a73647230"

is-buffer@~1.1.1:
  version "1.1.5"
  resolved "http://registry.npm.taobao.org/is-buffer/download/is-buffer-1.1.5.tgz#1f3b26ef613b214b88cbca23cc6c01d87961eecc"

isarray@0.0.1:
  version "0.0.1"
  resolved "http://registry.npm.taobao.org/isarray/download/isarray-0.0.1.tgz#8a18acfca9a8f4177e09abfc6038939b05d1eedf"

isarray@~1.0.0:
  version "1.0.0"
  resolved "https://registry.npm.taobao.org/isarray/-/isarray-1.0.0.tgz#bb935d48582cba168c06834957a54a3e07124f11"

isemail@2.x.x:
  version "2.2.1"
  resolved "http://registry.npm.taobao.org/isemail/download/isemail-2.2.1.tgz#0353d3d9a62951080c262c2aa0a42b8ea8e9e2a6"

items@2.x.x:
  version "2.1.1"
  resolved "http://registry.npm.taobao.org/items/download/items-2.1.1.tgz#8bd16d9c83b19529de5aea321acaada78364a198"

joi@^10.6.0:
  version "10.6.0"
  resolved "http://registry.npm.taobao.org/joi/download/joi-10.6.0.tgz#52587f02d52b8b75cdb0c74f0b164a191a0e1fc2"
  dependencies:
    hoek "4.x.x"
    isemail "2.x.x"
    items "2.x.x"
    topo "2.x.x"

kareem@1.2.0:
  version "1.2.0"
  resolved "https://registry.npm.taobao.org/kareem/-/kareem-1.2.0.tgz#59851e833feb1ce6cf60000e0c23acf75c8a3547"

lodash@^4.14.0, lodash@^4.17.4:
  version "4.17.4"
  resolved "http://registry.npm.taobao.org/lodash/download/lodash-4.17.4.tgz#78203a4d1c328ae1d86dca6460e369b57f4055ae"

marked@^4.0.10:
  version "4.0.10"
  resolved "https://registry.yarnpkg.com/marked/-/marked-4.0.10.tgz#423e295385cc0c3a70fa495e0df68b007b879423"

md5@^2.2.1:
  version "2.2.1"
  resolved "http://registry.npm.taobao.org/md5/download/md5-2.2.1.tgz#53ab38d5fe3c8891ba465329ea23fac0540126f9"
  dependencies:
    charenc "~0.0.1"
    crypt "~0.0.1"
    is-buffer "~1.1.1"

media-typer@0.3.0:
  version "0.3.0"
  resolved "https://registry.npm.taobao.org/media-typer/-/media-typer-0.3.0.tgz#8710d7af0aa626f8fffa1ce00168545263255748"

merge-descriptors@1.0.1:
  version "1.0.1"
  resolved "https://registry.npm.taobao.org/merge-descriptors/-/merge-descriptors-1.0.1.tgz#b00aaa556dd8b44568150ec9d1b953f3f90cbb61"

method-override@^2.3.9:
  version "2.3.9"
  resolved "http://registry.npm.taobao.org/method-override/download/method-override-2.3.9.tgz#bd151f2ce34cf01a76ca400ab95c012b102d8f71"
  dependencies:
    debug "2.6.8"
    methods "~1.1.2"
    parseurl "~1.3.1"
    vary "~1.1.1"

methods@~1.1.2:
  version "1.1.2"
  resolved "https://registry.npm.taobao.org/methods/-/methods-1.1.2.tgz#5529a4d67654134edcc5266656835b0f851afcee"

mime-db@~1.25.0:
  version "1.25.0"
  resolved "https://registry.npm.taobao.org/mime-db/-/mime-db-1.25.0.tgz#c18dbd7c73a5dbf6f44a024dc0d165a1e7b1c392"

mime-types@~2.1.11, mime-types@~2.1.13:
  version "2.1.13"
  resolved "https://registry.npm.taobao.org/mime-types/-/mime-types-2.1.13.tgz#e07aaa9c6c6b9a7ca3012c69003ad25a39e92a88"
  dependencies:
    mime-db "~1.25.0"

mime@1.3.4:
  version "1.3.4"
  resolved "https://registry.npm.taobao.org/mime/-/mime-1.3.4.tgz#115f9e3b6b3daf2959983cb38f149a2d40eb5d53"

minimist@0.0.8:
  version "0.0.8"
  resolved "http://registry.npm.taobao.org/minimist/download/minimist-0.0.8.tgz#857fcabfc3397d2625b8228262e86aa7a011b05d"

mkdirp@^0.5.1:
  version "0.5.1"
  resolved "http://registry.npm.taobao.org/mkdirp/download/mkdirp-0.5.1.tgz#30057438eac6cf7f8c4767f38648d6697d75c903"
  dependencies:
    minimist "0.0.8"

mongodb-core@2.1.2:
  version "2.1.2"
  resolved "https://registry.npm.taobao.org/mongodb-core/-/mongodb-core-2.1.2.tgz#a11db773d34819cbeb97751241827137ab535aab"
  dependencies:
    bson "~1.0.1"
    require_optional "~1.0.0"

mongodb@2.2.16:
  version "2.2.16"
  resolved "https://registry.npm.taobao.org/mongodb/-/mongodb-2.2.16.tgz#e32ba91cf9e29f371fb38ba0c4a71c3b1f5fae77"
  dependencies:
    es6-promise "3.2.1"
    mongodb-core "2.1.2"
    readable-stream "2.1.5"

mongoose@^4.7.6:
  version "4.7.6"
  resolved "https://registry.npm.taobao.org/mongoose/-/mongoose-4.7.6.tgz#704cc710efb98b74aeb8a3386d073c835498bd46"
  dependencies:
    async "2.1.4"
    bson "~1.0.1"
    hooks-fixed "1.2.0"
    kareem "1.2.0"
    mongodb "2.2.16"
    mpath "0.2.1"
    mpromise "0.5.5"
    mquery "2.0.0"
    ms "0.7.2"
    muri "1.1.1"
    regexp-clone "0.0.1"
    sliced "1.0.1"

mpath@0.2.1:
  version "0.2.1"
  resolved "https://registry.npm.taobao.org/mpath/-/mpath-0.2.1.tgz#3a4e829359801de96309c27a6b2e102e89f9e96e"

mpromise@0.5.5:
  version "0.5.5"
  resolved "https://registry.npm.taobao.org/mpromise/-/mpromise-0.5.5.tgz#f5b24259d763acc2257b0a0c8c6d866fd51732e6"

mquery@2.0.0:
  version "2.0.0"
  resolved "https://registry.npm.taobao.org/mquery/-/mquery-2.0.0.tgz#b5abc850b90dffc3e10ae49b4b6e7a479752df22"
  dependencies:
    bluebird "2.10.2"
    debug "2.2.0"
    regexp-clone "0.0.1"
    sliced "0.0.5"

ms@0.7.1:
  version "0.7.1"
  resolved "https://registry.npm.taobao.org/ms/-/ms-0.7.1.tgz#9cd13c03adbff25b65effde7ce864ee952017098"

ms@0.7.2:
  version "0.7.2"
  resolved "https://registry.npm.taobao.org/ms/-/ms-0.7.2.tgz#ae25cf2512b3885a1d95d7f037868d8431124765"

ms@2.0.0:
  version "2.0.0"
  resolved "http://registry.npm.taobao.org/ms/download/ms-2.0.0.tgz#5608aeadfc00be6c2901df5f9861788de0d597c8"

multer@^1.3.0:
  version "1.3.0"
  resolved "http://registry.npm.taobao.org/multer/download/multer-1.3.0.tgz#092b2670f6846fa4914965efc8cf94c20fec6cd2"
  dependencies:
    append-field "^0.1.0"
    busboy "^0.2.11"
    concat-stream "^1.5.0"
    mkdirp "^0.5.1"
    object-assign "^3.0.0"
    on-finished "^2.3.0"
    type-is "^1.6.4"
    xtend "^4.0.0"

muri@1.1.1:
  version "1.1.1"
  resolved "https://registry.npm.taobao.org/muri/-/muri-1.1.1.tgz#64bd904eaf8ff89600c994441fad3c5195905ac2"

negotiator@0.6.1:
  version "0.6.1"
  resolved "https://registry.npm.taobao.org/negotiator/-/negotiator-0.6.1.tgz#2b327184e8992101177b28563fb5e7102acd0ca9"

object-assign@^3.0.0:
  version "3.0.0"
  resolved "http://registry.npm.taobao.org/object-assign/download/object-assign-3.0.0.tgz#9bedd5ca0897949bca47e7ff408062d549f587f2"

on-finished@^2.3.0, on-finished@~2.3.0:
  version "2.3.0"
  resolved "https://registry.npm.taobao.org/on-finished/-/on-finished-2.3.0.tgz#20f1336481b083cd75337992a16971aa2d906947"
  dependencies:
    ee-first "1.1.1"

parseurl@~1.3.1:
  version "1.3.1"
  resolved "https://registry.npm.taobao.org/parseurl/-/parseurl-1.3.1.tgz#c8ab8c9223ba34888aa64a297b28853bec18da56"

path-to-regexp@0.1.7:
  version "0.1.7"
  resolved "https://registry.npm.taobao.org/path-to-regexp/-/path-to-regexp-0.1.7.tgz#df604178005f522f15eb4490e7247a1bfaa67f8c"

process-nextick-args@~1.0.6:
  version "1.0.7"
  resolved "https://registry.npm.taobao.org/process-nextick-args/-/process-nextick-args-1.0.7.tgz#150e20b756590ad3f91093f25a4f2ad8bff30ba3"

proxy-addr@~1.1.2:
  version "1.1.2"
  resolved "https://registry.npm.taobao.org/proxy-addr/-/proxy-addr-1.1.2.tgz#b4cc5f22610d9535824c123aef9d3cf73c40ba37"
  dependencies:
    forwarded "~0.1.0"
    ipaddr.js "1.1.1"

qs@6.2.0:
  version "6.2.0"
  resolved "https://registry.npm.taobao.org/qs/-/qs-6.2.0.tgz#3b7848c03c2dece69a9522b0fae8c4126d745f3b"

range-parser@~1.2.0:
  version "1.2.0"
  resolved "https://registry.npm.taobao.org/range-parser/-/range-parser-1.2.0.tgz#f49be6b487894ddc40dcc94a322f611092e00d5e"

raw-body@~2.1.7:
  version "2.1.7"
  resolved "https://registry.npm.taobao.org/raw-body/-/raw-body-2.1.7.tgz#adfeace2e4fb3098058014d08c072dcc59758774"
  dependencies:
    bytes "2.4.0"
    iconv-lite "0.4.13"
    unpipe "1.0.0"

readable-stream@1.1.x:
  version "1.1.14"
  resolved "http://registry.npm.taobao.org/readable-stream/download/readable-stream-1.1.14.tgz#7cf4c54ef648e3813084c636dd2079e166c081d9"
  dependencies:
    core-util-is "~1.0.0"
    inherits "~2.0.1"
    isarray "0.0.1"
    string_decoder "~0.10.x"

readable-stream@2.1.5:
  version "2.1.5"
  resolved "https://registry.npm.taobao.org/readable-stream/-/readable-stream-2.1.5.tgz#66fa8b720e1438b364681f2ad1a63c618448c9d0"
  dependencies:
    buffer-shims "^1.0.0"
    core-util-is "~1.0.0"
    inherits "~2.0.1"
    isarray "~1.0.0"
    process-nextick-args "~1.0.6"
    string_decoder "~0.10.x"
    util-deprecate "~1.0.1"

readable-stream@^2.2.2:
  version "2.2.9"
  resolved "http://registry.npm.taobao.org/readable-stream/download/readable-stream-2.2.9.tgz#cf78ec6f4a6d1eb43d26488cac97f042e74b7fc8"
  dependencies:
    buffer-shims "~1.0.0"
    core-util-is "~1.0.0"
    inherits "~2.0.1"
    isarray "~1.0.0"
    process-nextick-args "~1.0.6"
    string_decoder "~1.0.0"
    util-deprecate "~1.0.1"

regexp-clone@0.0.1:
  version "0.0.1"
  resolved "https://registry.npm.taobao.org/regexp-clone/-/regexp-clone-0.0.1.tgz#a7c2e09891fdbf38fbb10d376fb73003e68ac589"

require_optional@~1.0.0:
  version "1.0.0"
  resolved "https://registry.npm.taobao.org/require_optional/-/require_optional-1.0.0.tgz#52a86137a849728eb60a55533617f8f914f59abf"
  dependencies:
    resolve-from "^2.0.0"
    semver "^5.1.0"

resolve-from@^2.0.0:
  version "2.0.0"
  resolved "https://registry.npm.taobao.org/resolve-from/-/resolve-from-2.0.0.tgz#9480ab20e94ffa1d9e80a804c7ea147611966b57"

safe-buffer@^5.0.1:
  version "5.0.1"
  resolved "http://registry.npm.taobao.org/safe-buffer/download/safe-buffer-5.0.1.tgz#d263ca54696cd8a306b5ca6551e92de57918fbe7"

semver@^5.1.0:
  version "5.3.0"
  resolved "https://registry.npm.taobao.org/semver/-/semver-5.3.0.tgz#9b2ce5d3de02d17c6012ad326aa6b4d0cf54f94f"

send@0.14.1:
  version "0.14.1"
  resolved "https://registry.npm.taobao.org/send/-/send-0.14.1.tgz#a954984325392f51532a7760760e459598c89f7a"
  dependencies:
    debug "~2.2.0"
    depd "~1.1.0"
    destroy "~1.0.4"
    encodeurl "~1.0.1"
    escape-html "~1.0.3"
    etag "~1.7.0"
    fresh "0.3.0"
    http-errors "~1.5.0"
    mime "1.3.4"
    ms "0.7.1"
    on-finished "~2.3.0"
    range-parser "~1.2.0"
    statuses "~1.3.0"

serve-static@~1.11.1:
  version "1.11.1"
  resolved "https://registry.npm.taobao.org/serve-static/-/serve-static-1.11.1.tgz#d6cce7693505f733c759de57befc1af76c0f0805"
  dependencies:
    encodeurl "~1.0.1"
    escape-html "~1.0.3"
    parseurl "~1.3.1"
    send "0.14.1"

setprototypeof@1.0.2:
  version "1.0.2"
  resolved "https://registry.npm.taobao.org/setprototypeof/-/setprototypeof-1.0.2.tgz#81a552141ec104b88e89ce383103ad5c66564d08"

sliced@0.0.5:
  version "0.0.5"
  resolved "https://registry.npm.taobao.org/sliced/-/sliced-0.0.5.tgz#5edc044ca4eb6f7816d50ba2fc63e25d8fe4707f"

sliced@1.0.1:
  version "1.0.1"
  resolved "https://registry.npm.taobao.org/sliced/-/sliced-1.0.1.tgz#0b3a662b5d04c3177b1926bea82b03f837a2ef41"

"statuses@>= 1.3.1 < 2", statuses@~1.3.0:
  version "1.3.1"
  resolved "https://registry.npm.taobao.org/statuses/-/statuses-1.3.1.tgz#faf51b9eb74aaef3b3acf4ad5f61abf24cb7b93e"

streamsearch@0.1.2:
  version "0.1.2"
  resolved "http://registry.npm.taobao.org/streamsearch/download/streamsearch-0.1.2.tgz#808b9d0e56fc273d809ba57338e929919a1a9f1a"

string_decoder@~0.10.x:
  version "0.10.31"
  resolved "https://registry.npm.taobao.org/string_decoder/-/string_decoder-0.10.31.tgz#62e203bc41766c6c28c9fc84301dab1c5310fa94"

string_decoder@~1.0.0:
  version "1.0.1"
  resolved "http://registry.npm.taobao.org/string_decoder/download/string_decoder-1.0.1.tgz#62e200f039955a6810d8df0a33ffc0f013662d98"
  dependencies:
    safe-buffer "^5.0.1"

topo@2.x.x:
  version "2.0.2"
  resolved "http://registry.npm.taobao.org/topo/download/topo-2.0.2.tgz#cd5615752539057c0dc0491a621c3bc6fbe1d182"
  dependencies:
    hoek "4.x.x"

type-is@^1.6.4, type-is@~1.6.13:
  version "1.6.14"
  resolved "https://registry.npm.taobao.org/type-is/-/type-is-1.6.14.tgz#e219639c17ded1ca0789092dd54a03826b817cb2"
  dependencies:
    media-typer "0.3.0"
    mime-types "~2.1.13"

typedarray@^0.0.6:
  version "0.0.6"
  resolved "http://registry.npm.taobao.org/typedarray/download/typedarray-0.0.6.tgz#867ac74e3864187b1d3d47d996a78ec5c8830777"

unpipe@1.0.0, unpipe@~1.0.0:
  version "1.0.0"
  resolved "https://registry.npm.taobao.org/unpipe/-/unpipe-1.0.0.tgz#b2bf4ee8514aae6165b4817829d21b2ef49904ec"

util-deprecate@~1.0.1:
  version "1.0.2"
  resolved "https://registry.npm.taobao.org/util-deprecate/-/util-deprecate-1.0.2.tgz#450d4dc9fa70de732762fbd2d4a28981419a0ccf"

utils-merge@1.0.0:
  version "1.0.0"
  resolved "https://registry.npm.taobao.org/utils-merge/-/utils-merge-1.0.0.tgz#0294fb922bb9375153541c4f7096231f287c8af8"

vary@~1.1.0:
  version "1.1.0"
  resolved "https://registry.npm.taobao.org/vary/-/vary-1.1.0.tgz#e1e5affbbd16ae768dd2674394b9ad3022653140"

vary@~1.1.1:
  version "1.1.1"
  resolved "http://registry.npm.taobao.org/vary/download/vary-1.1.1.tgz#67535ebb694c1d52257457984665323f587e8d37"

xtend@^4.0.0:
  version "4.0.1"
  resolved "http://registry.npm.taobao.org/xtend/download/xtend-4.0.1.tgz#a5c6d532be656e23db820efb943a1f04998d63af"
